PODS:
  - Alamofire (4.8.2)
  - HEREMapsStarter (3.12.2)

DEPENDENCIES:
  - Alamofire (~> 4.8.1)
  - HEREMapsStarter

SPEC REPOS:
  https://github.com/cocoapods/specs.git:
    - Alamofire
    - HEREMapsStarter

SPEC CHECKSUMS:
  Alamofire: ae5c501addb7afdbb13687d7f2f722c78734c2d3
  HEREMapsStarter: 1489435a06f8dea3142c653f28c2109c496f5b69

PODFILE CHECKSUM: 3cfbb8559793b0c8246a16fa23f04db08b596e7e

COCOAPODS: 1.6.1
