// !$*UTF8*$!
{
	archiveVersion = 1;
	classes = {
	};
	objectVersion = 50;
	objects = {

/* Begin PBXBuildFile section */
		23982282C2C95B1D1F0F38FD /* Pods_HereMapsSearchTests.framework in Frameworks */ = {isa = PBXBuildFile; fileRef = 996691B2CE49124764DDAEA6 /* Pods_HereMapsSearchTests.framework */; };
		344DF968349B3F9C3CDA7848 /* Pods_HereMapsSearch.framework in Frameworks */ = {isa = PBXBuildFile; fileRef = A59E2E35147AFC2881B78F6E /* Pods_HereMapsSearch.framework */; };
		5F513801231848B700DE333E /* Map.swift in Sources */ = {isa = PBXBuildFile; fileRef = 5F513800231848B700DE333E /* Map.swift */; };
		5F5138052319422300DE333E /* FavoritesViewController.swift in Sources */ = {isa = PBXBuildFile; fileRef = 5F5138042319422300DE333E /* FavoritesViewController.swift */; };
		5F513807231945E800DE333E /* GradientView.swift in Sources */ = {isa = PBXBuildFile; fileRef = 5F513806231945E800DE333E /* GradientView.swift */; };
		5F513809231946E800DE333E /* FavoriteTableViewCell.swift in Sources */ = {isa = PBXBuildFile; fileRef = 5F513808231946E800DE333E /* FavoriteTableViewCell.swift */; };
		5F51380D23195AC800DE333E /* UITableView.swift in Sources */ = {isa = PBXBuildFile; fileRef = 5F51380C23195AC800DE333E /* UITableView.swift */; };
		5FB4B67523180B6400E22D3B /* BaseViewController.swift in Sources */ = {isa = PBXBuildFile; fileRef = 5FB4B67423180B6400E22D3B /* BaseViewController.swift */; };
		5FDB0A31231C207F00894D35 /* SuggestionsViewModelTests.swift in Sources */ = {isa = PBXBuildFile; fileRef = 5FDB0A30231C207F00894D35 /* SuggestionsViewModelTests.swift */; };
		5FDB0A33231C210400894D35 /* SuggestionsServiceMock.swift in Sources */ = {isa = PBXBuildFile; fileRef = 5FDB0A32231C210400894D35 /* SuggestionsServiceMock.swift */; };
		5FDB0A35231C220C00894D35 /* MockDataHelper.swift in Sources */ = {isa = PBXBuildFile; fileRef = 5FDB0A34231C220C00894D35 /* MockDataHelper.swift */; };
		5FDB0A39231D3A9000894D35 /* DetailViewModelTests.swift in Sources */ = {isa = PBXBuildFile; fileRef = 5FDB0A38231D3A9000894D35 /* DetailViewModelTests.swift */; };
		5FDB0A3B231D3B5F00894D35 /* LocationDetailServiceMock.swift in Sources */ = {isa = PBXBuildFile; fileRef = 5FDB0A3A231D3B5F00894D35 /* LocationDetailServiceMock.swift */; };
		5FDB0A3D231D3D6B00894D35 /* ImageServiceMock.swift in Sources */ = {isa = PBXBuildFile; fileRef = 5FDB0A3C231D3D6B00894D35 /* ImageServiceMock.swift */; };
		5FF9CD6823158DE000878DB3 /* AppDelegate.swift in Sources */ = {isa = PBXBuildFile; fileRef = 5FF9CD6723158DE000878DB3 /* AppDelegate.swift */; };
		5FF9CD6A23158DE000878DB3 /* MainViewController.swift in Sources */ = {isa = PBXBuildFile; fileRef = 5FF9CD6923158DE000878DB3 /* MainViewController.swift */; };
		5FF9CD6D23158DE000878DB3 /* Main.storyboard in Resources */ = {isa = PBXBuildFile; fileRef = 5FF9CD6B23158DE000878DB3 /* Main.storyboard */; };
		5FF9CD7023158DE000878DB3 /* HereMapsSearch.xcdatamodeld in Sources */ = {isa = PBXBuildFile; fileRef = 5FF9CD6E23158DE000878DB3 /* HereMapsSearch.xcdatamodeld */; };
		5FF9CD7223158DE200878DB3 /* Assets.xcassets in Resources */ = {isa = PBXBuildFile; fileRef = 5FF9CD7123158DE200878DB3 /* Assets.xcassets */; };
		5FF9CD7523158DE200878DB3 /* LaunchScreen.storyboard in Resources */ = {isa = PBXBuildFile; fileRef = 5FF9CD7323158DE200878DB3 /* LaunchScreen.storyboard */; };
		5FF9CD8023158DE200878DB3 /* HereMapsSearchTests.swift in Sources */ = {isa = PBXBuildFile; fileRef = 5FF9CD7F23158DE200878DB3 /* HereMapsSearchTests.swift */; };
		5FF9CD8F2315A63400878DB3 /* Sugestion.swift in Sources */ = {isa = PBXBuildFile; fileRef = 5FF9CD8E2315A63400878DB3 /* Sugestion.swift */; };
		5FF9CD912315A6E500878DB3 /* Address.swift in Sources */ = {isa = PBXBuildFile; fileRef = 5FF9CD902315A6E500878DB3 /* Address.swift */; };
		5FF9CD942315B63200878DB3 /* CheckInternet.swift in Sources */ = {isa = PBXBuildFile; fileRef = 5FF9CD932315B63200878DB3 /* CheckInternet.swift */; };
		5FF9CDA22316DDF200878DB3 /* DetailViewController.swift in Sources */ = {isa = PBXBuildFile; fileRef = 5FF9CDA12316DDF200878DB3 /* DetailViewController.swift */; };
		5FF9CDA42316E8BD00878DB3 /* LocationDetailService.swift in Sources */ = {isa = PBXBuildFile; fileRef = 5FF9CDA32316E8BC00878DB3 /* LocationDetailService.swift */; };
		5FF9CDA62316F38C00878DB3 /* Location.swift in Sources */ = {isa = PBXBuildFile; fileRef = 5FF9CDA52316F38C00878DB3 /* Location.swift */; };
		5FF9CDA82316F48E00878DB3 /* Position.swift in Sources */ = {isa = PBXBuildFile; fileRef = 5FF9CDA72316F48E00878DB3 /* Position.swift */; };
		5FF9CDAC2316F93300878DB3 /* DetailViewModel.swift in Sources */ = {isa = PBXBuildFile; fileRef = 5FF9CDAB2316F93300878DB3 /* DetailViewModel.swift */; };
		92A5131C2315E4330056F62C /* Enums.swift in Sources */ = {isa = PBXBuildFile; fileRef = 92A5131B2315E4330056F62C /* Enums.swift */; };
		92A5131F2315E5650056F62C /* Config.swift in Sources */ = {isa = PBXBuildFile; fileRef = 92A5131E2315E5650056F62C /* Config.swift */; };
		92A513212315E81C0056F62C /* SuggestionsService.swift in Sources */ = {isa = PBXBuildFile; fileRef = 92A513202315E81C0056F62C /* SuggestionsService.swift */; };
		92A51329231619860056F62C /* LocationTableViewCell.swift in Sources */ = {isa = PBXBuildFile; fileRef = 92A51328231619860056F62C /* LocationTableViewCell.swift */; };
		92A5132C23161C4B0056F62C /* SuggestionsViewModel.swift in Sources */ = {isa = PBXBuildFile; fileRef = 92A5132B23161C4B0056F62C /* SuggestionsViewModel.swift */; };
		92A5132E2316285B0056F62C /* SuggestionCellViewModel.swift in Sources */ = {isa = PBXBuildFile; fileRef = 92A5132D2316285B0056F62C /* SuggestionCellViewModel.swift */; };
		92A5133023174A670056F62C /* BaseViewModel.swift in Sources */ = {isa = PBXBuildFile; fileRef = 92A5132F23174A670056F62C /* BaseViewModel.swift */; };
		92A513322318A1EB0056F62C /* UIView+CornerRadius.swift in Sources */ = {isa = PBXBuildFile; fileRef = 92A513312318A1EB0056F62C /* UIView+CornerRadius.swift */; };
		92A513342318AE530056F62C /* UIViewController+CoreData.swift in Sources */ = {isa = PBXBuildFile; fileRef = 92A513332318AE530056F62C /* UIViewController+CoreData.swift */; };
		92A513362318B2D50056F62C /* ImageService.swift in Sources */ = {isa = PBXBuildFile; fileRef = 92A513352318B2D50056F62C /* ImageService.swift */; };
/* End PBXBuildFile section */

/* Begin PBXContainerItemProxy section */
		5FF9CD7C23158DE200878DB3 /* PBXContainerItemProxy */ = {
			isa = PBXContainerItemProxy;
			containerPortal = 5FF9CD5C23158DE000878DB3 /* Project object */;
			proxyType = 1;
			remoteGlobalIDString = 5FF9CD6323158DE000878DB3;
			remoteInfo = HereMapsSearch;
		};
/* End PBXContainerItemProxy section */

/* Begin PBXFileReference section */
		4B8A5F380ECAD324B2428DDD /* Pods-HereMapsSearch.debug.xcconfig */ = {isa = PBXFileReference; includeInIndex = 1; lastKnownFileType = text.xcconfig; name = "Pods-HereMapsSearch.debug.xcconfig"; path = "Target Support Files/Pods-HereMapsSearch/Pods-HereMapsSearch.debug.xcconfig"; sourceTree = "<group>"; };
		5F513800231848B700DE333E /* Map.swift */ = {isa = PBXFileReference; lastKnownFileType = sourcecode.swift; path = Map.swift; sourceTree = "<group>"; };
		5F5138042319422300DE333E /* FavoritesViewController.swift */ = {isa = PBXFileReference; lastKnownFileType = sourcecode.swift; path = FavoritesViewController.swift; sourceTree = "<group>"; };
		5F513806231945E800DE333E /* GradientView.swift */ = {isa = PBXFileReference; lastKnownFileType = sourcecode.swift; path = GradientView.swift; sourceTree = "<group>"; };
		5F513808231946E800DE333E /* FavoriteTableViewCell.swift */ = {isa = PBXFileReference; lastKnownFileType = sourcecode.swift; path = FavoriteTableViewCell.swift; sourceTree = "<group>"; };
		5F51380C23195AC800DE333E /* UITableView.swift */ = {isa = PBXFileReference; lastKnownFileType = sourcecode.swift; path = UITableView.swift; sourceTree = "<group>"; };
		5FB4B67423180B6400E22D3B /* BaseViewController.swift */ = {isa = PBXFileReference; lastKnownFileType = sourcecode.swift; path = BaseViewController.swift; sourceTree = "<group>"; };
		5FDB0A30231C207F00894D35 /* SuggestionsViewModelTests.swift */ = {isa = PBXFileReference; lastKnownFileType = sourcecode.swift; path = SuggestionsViewModelTests.swift; sourceTree = "<group>"; };
		5FDB0A32231C210400894D35 /* SuggestionsServiceMock.swift */ = {isa = PBXFileReference; lastKnownFileType = sourcecode.swift; path = SuggestionsServiceMock.swift; sourceTree = "<group>"; };
		5FDB0A34231C220C00894D35 /* MockDataHelper.swift */ = {isa = PBXFileReference; lastKnownFileType = sourcecode.swift; path = MockDataHelper.swift; sourceTree = "<group>"; };
		5FDB0A38231D3A9000894D35 /* DetailViewModelTests.swift */ = {isa = PBXFileReference; lastKnownFileType = sourcecode.swift; path = DetailViewModelTests.swift; sourceTree = "<group>"; };
		5FDB0A3A231D3B5F00894D35 /* LocationDetailServiceMock.swift */ = {isa = PBXFileReference; lastKnownFileType = sourcecode.swift; path = LocationDetailServiceMock.swift; sourceTree = "<group>"; };
		5FDB0A3C231D3D6B00894D35 /* ImageServiceMock.swift */ = {isa = PBXFileReference; lastKnownFileType = sourcecode.swift; path = ImageServiceMock.swift; sourceTree = "<group>"; };
		5FF9CD6423158DE000878DB3 /* HereMapsSearch.app */ = {isa = PBXFileReference; explicitFileType = wrapper.application; includeInIndex = 0; path = HereMapsSearch.app; sourceTree = BUILT_PRODUCTS_DIR; };
		5FF9CD6723158DE000878DB3 /* AppDelegate.swift */ = {isa = PBXFileReference; lastKnownFileType = sourcecode.swift; path = AppDelegate.swift; sourceTree = "<group>"; };
		5FF9CD6923158DE000878DB3 /* MainViewController.swift */ = {isa = PBXFileReference; lastKnownFileType = sourcecode.swift; path = MainViewController.swift; sourceTree = "<group>"; };
		5FF9CD6C23158DE000878DB3 /* Base */ = {isa = PBXFileReference; lastKnownFileType = file.storyboard; name = Base; path = Base.lproj/Main.storyboard; sourceTree = "<group>"; };
		5FF9CD6F23158DE000878DB3 /* HereMapsSearch.xcdatamodel */ = {isa = PBXFileReference; lastKnownFileType = wrapper.xcdatamodel; path = HereMapsSearch.xcdatamodel; sourceTree = "<group>"; };
		5FF9CD7123158DE200878DB3 /* Assets.xcassets */ = {isa = PBXFileReference; lastKnownFileType = folder.assetcatalog; path = Assets.xcassets; sourceTree = "<group>"; };
		5FF9CD7423158DE200878DB3 /* Base */ = {isa = PBXFileReference; lastKnownFileType = file.storyboard; name = Base; path = Base.lproj/LaunchScreen.storyboard; sourceTree = "<group>"; };
		5FF9CD7623158DE200878DB3 /* Info.plist */ = {isa = PBXFileReference; lastKnownFileType = text.plist.xml; path = Info.plist; sourceTree = "<group>"; };
		5FF9CD7B23158DE200878DB3 /* HereMapsSearchTests.xctest */ = {isa = PBXFileReference; explicitFileType = wrapper.cfbundle; includeInIndex = 0; path = HereMapsSearchTests.xctest; sourceTree = BUILT_PRODUCTS_DIR; };
		5FF9CD7F23158DE200878DB3 /* HereMapsSearchTests.swift */ = {isa = PBXFileReference; lastKnownFileType = sourcecode.swift; path = HereMapsSearchTests.swift; sourceTree = "<group>"; };
		5FF9CD8123158DE200878DB3 /* Info.plist */ = {isa = PBXFileReference; lastKnownFileType = text.plist.xml; path = Info.plist; sourceTree = "<group>"; };
		5FF9CD8E2315A63400878DB3 /* Sugestion.swift */ = {isa = PBXFileReference; lastKnownFileType = sourcecode.swift; path = Sugestion.swift; sourceTree = "<group>"; };
		5FF9CD902315A6E500878DB3 /* Address.swift */ = {isa = PBXFileReference; lastKnownFileType = sourcecode.swift; path = Address.swift; sourceTree = "<group>"; };
		5FF9CD932315B63200878DB3 /* CheckInternet.swift */ = {isa = PBXFileReference; lastKnownFileType = sourcecode.swift; path = CheckInternet.swift; sourceTree = "<group>"; };
		5FF9CDA12316DDF200878DB3 /* DetailViewController.swift */ = {isa = PBXFileReference; lastKnownFileType = sourcecode.swift; path = DetailViewController.swift; sourceTree = "<group>"; };
		5FF9CDA32316E8BC00878DB3 /* LocationDetailService.swift */ = {isa = PBXFileReference; lastKnownFileType = sourcecode.swift; path = LocationDetailService.swift; sourceTree = "<group>"; };
		5FF9CDA52316F38C00878DB3 /* Location.swift */ = {isa = PBXFileReference; lastKnownFileType = sourcecode.swift; path = Location.swift; sourceTree = "<group>"; };
		5FF9CDA72316F48E00878DB3 /* Position.swift */ = {isa = PBXFileReference; lastKnownFileType = sourcecode.swift; path = Position.swift; sourceTree = "<group>"; };
		5FF9CDAB2316F93300878DB3 /* DetailViewModel.swift */ = {isa = PBXFileReference; lastKnownFileType = sourcecode.swift; path = DetailViewModel.swift; sourceTree = "<group>"; };
		92A5131B2315E4330056F62C /* Enums.swift */ = {isa = PBXFileReference; lastKnownFileType = sourcecode.swift; name = Enums.swift; path = ../Models/Enums.swift; sourceTree = "<group>"; };
		92A5131E2315E5650056F62C /* Config.swift */ = {isa = PBXFileReference; lastKnownFileType = sourcecode.swift; path = Config.swift; sourceTree = "<group>"; };
		92A513202315E81C0056F62C /* SuggestionsService.swift */ = {isa = PBXFileReference; lastKnownFileType = sourcecode.swift; path = SuggestionsService.swift; sourceTree = "<group>"; };
		92A51328231619860056F62C /* LocationTableViewCell.swift */ = {isa = PBXFileReference; lastKnownFileType = sourcecode.swift; path = LocationTableViewCell.swift; sourceTree = "<group>"; };
		92A5132B23161C4B0056F62C /* SuggestionsViewModel.swift */ = {isa = PBXFileReference; lastKnownFileType = sourcecode.swift; path = SuggestionsViewModel.swift; sourceTree = "<group>"; };
		92A5132D2316285B0056F62C /* SuggestionCellViewModel.swift */ = {isa = PBXFileReference; lastKnownFileType = sourcecode.swift; path = SuggestionCellViewModel.swift; sourceTree = "<group>"; };
		92A5132F23174A670056F62C /* BaseViewModel.swift */ = {isa = PBXFileReference; lastKnownFileType = sourcecode.swift; path = BaseViewModel.swift; sourceTree = "<group>"; };
		92A513312318A1EB0056F62C /* UIView+CornerRadius.swift */ = {isa = PBXFileReference; lastKnownFileType = sourcecode.swift; path = "UIView+CornerRadius.swift"; sourceTree = "<group>"; };
		92A513332318AE530056F62C /* UIViewController+CoreData.swift */ = {isa = PBXFileReference; lastKnownFileType = sourcecode.swift; path = "UIViewController+CoreData.swift"; sourceTree = "<group>"; };
		92A513352318B2D50056F62C /* ImageService.swift */ = {isa = PBXFileReference; lastKnownFileType = sourcecode.swift; path = ImageService.swift; sourceTree = "<group>"; };
		996691B2CE49124764DDAEA6 /* Pods_HereMapsSearchTests.framework */ = {isa = PBXFileReference; explicitFileType = wrapper.framework; includeInIndex = 0; path = Pods_HereMapsSearchTests.framework; sourceTree = BUILT_PRODUCTS_DIR; };
		A59E2E35147AFC2881B78F6E /* Pods_HereMapsSearch.framework */ = {isa = PBXFileReference; explicitFileType = wrapper.framework; includeInIndex = 0; path = Pods_HereMapsSearch.framework; sourceTree = BUILT_PRODUCTS_DIR; };
		AA99197EB3FD797F9961BA3B /* Pods-HereMapsSearch.release.xcconfig */ = {isa = PBXFileReference; includeInIndex = 1; lastKnownFileType = text.xcconfig; name = "Pods-HereMapsSearch.release.xcconfig"; path = "Target Support Files/Pods-HereMapsSearch/Pods-HereMapsSearch.release.xcconfig"; sourceTree = "<group>"; };
		C42CDAEA75E3E6AF5A4F9D22 /* Pods-HereMapsSearchTests.release.xcconfig */ = {isa = PBXFileReference; includeInIndex = 1; lastKnownFileType = text.xcconfig; name = "Pods-HereMapsSearchTests.release.xcconfig"; path = "Target Support Files/Pods-HereMapsSearchTests/Pods-HereMapsSearchTests.release.xcconfig"; sourceTree = "<group>"; };
		FCEA24AF15C244BC2AF28AD0 /* Pods-HereMapsSearchTests.debug.xcconfig */ = {isa = PBXFileReference; includeInIndex = 1; lastKnownFileType = text.xcconfig; name = "Pods-HereMapsSearchTests.debug.xcconfig"; path = "Target Support Files/Pods-HereMapsSearchTests/Pods-HereMapsSearchTests.debug.xcconfig"; sourceTree = "<group>"; };
/* End PBXFileReference section */

/* Begin PBXFrameworksBuildPhase section */
		5FF9CD6123158DE000878DB3 /* Frameworks */ = {
			isa = PBXFrameworksBuildPhase;
			buildActionMask = 2147483647;
			files = (
				344DF968349B3F9C3CDA7848 /* Pods_HereMapsSearch.framework in Frameworks */,
			);
			runOnlyForDeploymentPostprocessing = 0;
		};
		5FF9CD7823158DE200878DB3 /* Frameworks */ = {
			isa = PBXFrameworksBuildPhase;
			buildActionMask = 2147483647;
			files = (
				23982282C2C95B1D1F0F38FD /* Pods_HereMapsSearchTests.framework in Frameworks */,
			);
			runOnlyForDeploymentPostprocessing = 0;
		};
/* End PBXFrameworksBuildPhase section */

/* Begin PBXGroup section */
		5CAA761E28289DB6E0B0C1D2 /* Pods */ = {
			isa = PBXGroup;
			children = (
				4B8A5F380ECAD324B2428DDD /* Pods-HereMapsSearch.debug.xcconfig */,
				AA99197EB3FD797F9961BA3B /* Pods-HereMapsSearch.release.xcconfig */,
				FCEA24AF15C244BC2AF28AD0 /* Pods-HereMapsSearchTests.debug.xcconfig */,
				C42CDAEA75E3E6AF5A4F9D22 /* Pods-HereMapsSearchTests.release.xcconfig */,
			);
			path = Pods;
			sourceTree = "<group>";
		};
		5F5137FD231843F600DE333E /* Xibs */ = {
			isa = PBXGroup;
			children = (
				5F513800231848B700DE333E /* Map.swift */,
				5F513806231945E800DE333E /* GradientView.swift */,
			);
			path = Xibs;
			sourceTree = "<group>";
		};
		5FDB0A2D231C1F4700894D35 /* ViewModel Tests */ = {
			isa = PBXGroup;
			children = (
				5FDB0A30231C207F00894D35 /* SuggestionsViewModelTests.swift */,
				5FDB0A38231D3A9000894D35 /* DetailViewModelTests.swift */,
			);
			path = "ViewModel Tests";
			sourceTree = "<group>";
		};
		5FDB0A2E231C1F5C00894D35 /* Helper */ = {
			isa = PBXGroup;
			children = (
				5FDB0A34231C220C00894D35 /* MockDataHelper.swift */,
			);
			path = Helper;
			sourceTree = "<group>";
		};
		5FDB0A2F231C1F6800894D35 /* Service Mock */ = {
			isa = PBXGroup;
			children = (
				5FDB0A32231C210400894D35 /* SuggestionsServiceMock.swift */,
				5FDB0A3A231D3B5F00894D35 /* LocationDetailServiceMock.swift */,
				5FDB0A3C231D3D6B00894D35 /* ImageServiceMock.swift */,
			);
			path = "Service Mock";
			sourceTree = "<group>";
		};
		5FF9CD5B23158DE000878DB3 = {
			isa = PBXGroup;
			children = (
				5FF9CD6623158DE000878DB3 /* HereMapsSearch */,
				5FF9CD7E23158DE200878DB3 /* HereMapsSearchTests */,
				5FF9CD6523158DE000878DB3 /* Products */,
				5CAA761E28289DB6E0B0C1D2 /* Pods */,
				D42EDBDB1142D19E6E455335 /* Frameworks */,
			);
			sourceTree = "<group>";
		};
		5FF9CD6523158DE000878DB3 /* Products */ = {
			isa = PBXGroup;
			children = (
				5FF9CD6423158DE000878DB3 /* HereMapsSearch.app */,
				5FF9CD7B23158DE200878DB3 /* HereMapsSearchTests.xctest */,
			);
			name = Products;
			sourceTree = "<group>";
		};
		5FF9CD6623158DE000878DB3 /* HereMapsSearch */ = {
			isa = PBXGroup;
			children = (
				92A5132A23161A130056F62C /* ViewModels */,
				92A51322231615D80056F62C /* Views */,
				92A5131D2315E54F0056F62C /* Util */,
				5FF9CD922315B61A00878DB3 /* Services */,
				5FF9CD8D2315A62400878DB3 /* Models */,
				5FF9CD8A23159F2E00878DB3 /* Extensions */,
				5FF9CD7623158DE200878DB3 /* Info.plist */,
				5FF9CD7123158DE200878DB3 /* Assets.xcassets */,
			);
			path = HereMapsSearch;
			sourceTree = "<group>";
		};
		5FF9CD7E23158DE200878DB3 /* HereMapsSearchTests */ = {
			isa = PBXGroup;
			children = (
				5FDB0A2F231C1F6800894D35 /* Service Mock */,
				5FDB0A2E231C1F5C00894D35 /* Helper */,
				5FDB0A2D231C1F4700894D35 /* ViewModel Tests */,
				5FF9CD7F23158DE200878DB3 /* HereMapsSearchTests.swift */,
				5FF9CD8123158DE200878DB3 /* Info.plist */,
			);
			path = HereMapsSearchTests;
			sourceTree = "<group>";
		};
		5FF9CD8A23159F2E00878DB3 /* Extensions */ = {
			isa = PBXGroup;
			children = (
				92A513312318A1EB0056F62C /* UIView+CornerRadius.swift */,
				92A513332318AE530056F62C /* UIViewController+CoreData.swift */,
				5F51380C23195AC800DE333E /* UITableView.swift */,
			);
			path = Extensions;
			sourceTree = "<group>";
		};
		5FF9CD8D2315A62400878DB3 /* Models */ = {
			isa = PBXGroup;
			children = (
				5FF9CD8E2315A63400878DB3 /* Sugestion.swift */,
				5FF9CD902315A6E500878DB3 /* Address.swift */,
				5FF9CDA52316F38C00878DB3 /* Location.swift */,
				5FF9CDA72316F48E00878DB3 /* Position.swift */,
			);
			path = Models;
			sourceTree = "<group>";
		};
		5FF9CD922315B61A00878DB3 /* Services */ = {
			isa = PBXGroup;
			children = (
				92A5131B2315E4330056F62C /* Enums.swift */,
				5FF9CD932315B63200878DB3 /* CheckInternet.swift */,
				92A513202315E81C0056F62C /* SuggestionsService.swift */,
				5FF9CDA32316E8BC00878DB3 /* LocationDetailService.swift */,
				92A513352318B2D50056F62C /* ImageService.swift */,
			);
			path = Services;
			sourceTree = "<group>";
		};
		92A5131D2315E54F0056F62C /* Util */ = {
			isa = PBXGroup;
			children = (
				5FF9CD6723158DE000878DB3 /* AppDelegate.swift */,
				92A5131E2315E5650056F62C /* Config.swift */,
				5FF9CD6E23158DE000878DB3 /* HereMapsSearch.xcdatamodeld */,
			);
			path = Util;
			sourceTree = "<group>";
		};
		92A51322231615D80056F62C /* Views */ = {
			isa = PBXGroup;
			children = (
				5F5137FD231843F600DE333E /* Xibs */,
				92A51327231619680056F62C /* Cells */,
				92A51324231619030056F62C /* Controllers */,
				92A51323231618EC0056F62C /* Storyboards */,
			);
			path = Views;
			sourceTree = "<group>";
		};
		92A51323231618EC0056F62C /* Storyboards */ = {
			isa = PBXGroup;
			children = (
				5FF9CD6B23158DE000878DB3 /* Main.storyboard */,
				5FF9CD7323158DE200878DB3 /* LaunchScreen.storyboard */,
			);
			path = Storyboards;
			sourceTree = "<group>";
		};
		92A51324231619030056F62C /* Controllers */ = {
			isa = PBXGroup;
			children = (
				5FF9CD6923158DE000878DB3 /* MainViewController.swift */,
				5FF9CDA12316DDF200878DB3 /* DetailViewController.swift */,
				5FB4B67423180B6400E22D3B /* BaseViewController.swift */,
				5F5138042319422300DE333E /* FavoritesViewController.swift */,
			);
			path = Controllers;
			sourceTree = "<group>";
		};
		92A51327231619680056F62C /* Cells */ = {
			isa = PBXGroup;
			children = (
				92A51328231619860056F62C /* LocationTableViewCell.swift */,
				5F513808231946E800DE333E /* FavoriteTableViewCell.swift */,
			);
			path = Cells;
			sourceTree = "<group>";
		};
		92A5132A23161A130056F62C /* ViewModels */ = {
			isa = PBXGroup;
			children = (
				92A5132D2316285B0056F62C /* SuggestionCellViewModel.swift */,
				92A5132B23161C4B0056F62C /* SuggestionsViewModel.swift */,
				5FF9CDAB2316F93300878DB3 /* DetailViewModel.swift */,
				92A5132F23174A670056F62C /* BaseViewModel.swift */,
			);
			path = ViewModels;
			sourceTree = "<group>";
		};
		D42EDBDB1142D19E6E455335 /* Frameworks */ = {
			isa = PBXGroup;
			children = (
				A59E2E35147AFC2881B78F6E /* Pods_HereMapsSearch.framework */,
				996691B2CE49124764DDAEA6 /* Pods_HereMapsSearchTests.framework */,
			);
			name = Frameworks;
			sourceTree = "<group>";
		};
/* End PBXGroup section */

/* Begin PBXNativeTarget section */
		5FF9CD6323158DE000878DB3 /* HereMapsSearch */ = {
			isa = PBXNativeTarget;
			buildConfigurationList = 5FF9CD8423158DE200878DB3 /* Build configuration list for PBXNativeTarget "HereMapsSearch" */;
			buildPhases = (
				172D3AA48ED8FDD26F9DA60F /* [CP] Check Pods Manifest.lock */,
				5FF9CD6023158DE000878DB3 /* Sources */,
				5FF9CD6123158DE000878DB3 /* Frameworks */,
				5FF9CD6223158DE000878DB3 /* Resources */,
				B7B72C539CD5B3347D322309 /* [CP] Embed Pods Frameworks */,
			);
			buildRules = (
			);
			dependencies = (
			);
			name = HereMapsSearch;
			productName = HereMapsSearch;
			productReference = 5FF9CD6423158DE000878DB3 /* HereMapsSearch.app */;
			productType = "com.apple.product-type.application";
		};
		5FF9CD7A23158DE200878DB3 /* HereMapsSearchTests */ = {
			isa = PBXNativeTarget;
			buildConfigurationList = 5FF9CD8723158DE200878DB3 /* Build configuration list for PBXNativeTarget "HereMapsSearchTests" */;
			buildPhases = (
				0E2B2F4F9E0E146AE1D4C457 /* [CP] Check Pods Manifest.lock */,
				5FF9CD7723158DE200878DB3 /* Sources */,
				5FF9CD7823158DE200878DB3 /* Frameworks */,
				5FF9CD7923158DE200878DB3 /* Resources */,
			);
			buildRules = (
			);
			dependencies = (
				5FF9CD7D23158DE200878DB3 /* PBXTargetDependency */,
			);
			name = HereMapsSearchTests;
			productName = HereMapsSearchTests;
			productReference = 5FF9CD7B23158DE200878DB3 /* HereMapsSearchTests.xctest */;
			productType = "com.apple.product-type.bundle.unit-test";
		};
/* End PBXNativeTarget section */

/* Begin PBXProject section */
		5FF9CD5C23158DE000878DB3 /* Project object */ = {
			isa = PBXProject;
			attributes = {
				LastSwiftUpdateCheck = 1020;
				LastUpgradeCheck = 1020;
				ORGANIZATIONNAME = "Garcia, Bruno (B.C.)";
				TargetAttributes = {
					5FF9CD6323158DE000878DB3 = {
						CreatedOnToolsVersion = 10.2;
					};
					5FF9CD7A23158DE200878DB3 = {
						CreatedOnToolsVersion = 10.2;
						TestTargetID = 5FF9CD6323158DE000878DB3;
					};
				};
			};
			buildConfigurationList = 5FF9CD5F23158DE000878DB3 /* Build configuration list for PBXProject "HereMapsSearch" */;
			compatibilityVersion = "Xcode 9.3";
			developmentRegion = en;
			hasScannedForEncodings = 0;
			knownRegions = (
				en,
				Base,
			);
			mainGroup = 5FF9CD5B23158DE000878DB3;
			productRefGroup = 5FF9CD6523158DE000878DB3 /* Products */;
			projectDirPath = "";
			projectRoot = "";
			targets = (
				5FF9CD6323158DE000878DB3 /* HereMapsSearch */,
				5FF9CD7A23158DE200878DB3 /* HereMapsSearchTests */,
			);
		};
/* End PBXProject section */

/* Begin PBXResourcesBuildPhase section */
		5FF9CD6223158DE000878DB3 /* Resources */ = {
			isa = PBXResourcesBuildPhase;
			buildActionMask = 2147483647;
			files = (
				5FF9CD7523158DE200878DB3 /* LaunchScreen.storyboard in Resources */,
				5FF9CD7223158DE200878DB3 /* Assets.xcassets in Resources */,
				5FF9CD6D23158DE000878DB3 /* Main.storyboard in Resources */,
			);
			runOnlyForDeploymentPostprocessing = 0;
		};
		5FF9CD7923158DE200878DB3 /* Resources */ = {
			isa = PBXResourcesBuildPhase;
			buildActionMask = 2147483647;
			files = (
			);
			runOnlyForDeploymentPostprocessing = 0;
		};
/* End PBXResourcesBuildPhase section */

/* Begin PBXShellScriptBuildPhase section */
		0E2B2F4F9E0E146AE1D4C457 /* [CP] Check Pods Manifest.lock */ = {
			isa = PBXShellScriptBuildPhase;
			buildActionMask = 2147483647;
			files = (
			);
			inputFileListPaths = (
			);
			inputPaths = (
				"${PODS_PODFILE_DIR_PATH}/Podfile.lock",
				"${PODS_ROOT}/Manifest.lock",
			);
			name = "[CP] Check Pods Manifest.lock";
			outputFileListPaths = (
			);
			outputPaths = (
				"$(DERIVED_FILE_DIR)/Pods-HereMapsSearchTests-checkManifestLockResult.txt",
			);
			runOnlyForDeploymentPostprocessing = 0;
			shellPath = /bin/sh;
			shellScript = "diff \"${PODS_PODFILE_DIR_PATH}/Podfile.lock\" \"${PODS_ROOT}/Manifest.lock\" > /dev/null\nif [ $? != 0 ] ; then\n    # print error to STDERR\n    echo \"error: The sandbox is not in sync with the Podfile.lock. Run 'pod install' or update your CocoaPods installation.\" >&2\n    exit 1\nfi\n# This output is used by Xcode 'outputs' to avoid re-running this script phase.\necho \"SUCCESS\" > \"${SCRIPT_OUTPUT_FILE_0}\"\n";
			showEnvVarsInLog = 0;
		};
		172D3AA48ED8FDD26F9DA60F /* [CP] Check Pods Manifest.lock */ = {
			isa = PBXShellScriptBuildPhase;
			buildActionMask = 2147483647;
			files = (
			);
			inputFileListPaths = (
			);
			inputPaths = (
				"${PODS_PODFILE_DIR_PATH}/Podfile.lock",
				"${PODS_ROOT}/Manifest.lock",
			);
			name = "[CP] Check Pods Manifest.lock";
			outputFileListPaths = (
			);
			outputPaths = (
				"$(DERIVED_FILE_DIR)/Pods-HereMapsSearch-checkManifestLockResult.txt",
			);
			runOnlyForDeploymentPostprocessing = 0;
			shellPath = /bin/sh;
			shellScript = "diff \"${PODS_PODFILE_DIR_PATH}/Podfile.lock\" \"${PODS_ROOT}/Manifest.lock\" > /dev/null\nif [ $? != 0 ] ; then\n    # print error to STDERR\n    echo \"error: The sandbox is not in sync with the Podfile.lock. Run 'pod install' or update your CocoaPods installation.\" >&2\n    exit 1\nfi\n# This output is used by Xcode 'outputs' to avoid re-running this script phase.\necho \"SUCCESS\" > \"${SCRIPT_OUTPUT_FILE_0}\"\n";
			showEnvVarsInLog = 0;
		};
		B7B72C539CD5B3347D322309 /* [CP] Embed Pods Frameworks */ = {
			isa = PBXShellScriptBuildPhase;
			buildActionMask = 2147483647;
			files = (
			);
			inputFileListPaths = (
			);
			inputPaths = (
				"${PODS_ROOT}/Target Support Files/Pods-HereMapsSearch/Pods-HereMapsSearch-frameworks.sh",
				"${BUILT_PRODUCTS_DIR}/Alamofire/Alamofire.framework",
				"${BUILT_PRODUCTS_DIR}/AlamofireImage/AlamofireImage.framework",
				"${PODS_ROOT}/HEREMapsStarter/framework/NMAKit.framework",
			);
			name = "[CP] Embed Pods Frameworks";
			outputFileListPaths = (
			);
			outputPaths = (
				"${TARGET_BUILD_DIR}/${FRAMEWORKS_FOLDER_PATH}/Alamofire.framework",
				"${TARGET_BUILD_DIR}/${FRAMEWORKS_FOLDER_PATH}/AlamofireImage.framework",
				"${TARGET_BUILD_DIR}/${FRAMEWORKS_FOLDER_PATH}/NMAKit.framework",
			);
			runOnlyForDeploymentPostprocessing = 0;
			shellPath = /bin/sh;
			shellScript = "\"${PODS_ROOT}/Target Support Files/Pods-HereMapsSearch/Pods-HereMapsSearch-frameworks.sh\"\n";
			showEnvVarsInLog = 0;
		};
/* End PBXShellScriptBuildPhase section */

/* Begin PBXSourcesBuildPhase section */
		5FF9CD6023158DE000878DB3 /* Sources */ = {
			isa = PBXSourcesBuildPhase;
			buildActionMask = 2147483647;
			files = (
				5FF9CD942315B63200878DB3 /* CheckInternet.swift in Sources */,
				5FF9CDAC2316F93300878DB3 /* DetailViewModel.swift in Sources */,
				5FF9CD912315A6E500878DB3 /* Address.swift in Sources */,
				5FF9CDA62316F38C00878DB3 /* Location.swift in Sources */,
				92A5131F2315E5650056F62C /* Config.swift in Sources */,
				5FF9CD6A23158DE000878DB3 /* MainViewController.swift in Sources */,
				92A513322318A1EB0056F62C /* UIView+CornerRadius.swift in Sources */,
				5F513809231946E800DE333E /* FavoriteTableViewCell.swift in Sources */,
				5F513801231848B700DE333E /* Map.swift in Sources */,
				92A513342318AE530056F62C /* UIViewController+CoreData.swift in Sources */,
				5FF9CDA22316DDF200878DB3 /* DetailViewController.swift in Sources */,
				5F5138052319422300DE333E /* FavoritesViewController.swift in Sources */,
				5FF9CDA42316E8BD00878DB3 /* LocationDetailService.swift in Sources */,
				5F51380D23195AC800DE333E /* UITableView.swift in Sources */,
				92A51329231619860056F62C /* LocationTableViewCell.swift in Sources */,
				5FF9CD8F2315A63400878DB3 /* Sugestion.swift in Sources */,
				5FB4B67523180B6400E22D3B /* BaseViewController.swift in Sources */,
				5FF9CD7023158DE000878DB3 /* HereMapsSearch.xcdatamodeld in Sources */,
				92A5131C2315E4330056F62C /* Enums.swift in Sources */,
				5FF9CD6823158DE000878DB3 /* AppDelegate.swift in Sources */,
				92A5132C23161C4B0056F62C /* SuggestionsViewModel.swift in Sources */,
				92A513362318B2D50056F62C /* ImageService.swift in Sources */,
				92A5133023174A670056F62C /* BaseViewModel.swift in Sources */,
				92A5132E2316285B0056F62C /* SuggestionCellViewModel.swift in Sources */,
				5F513807231945E800DE333E /* GradientView.swift in Sources */,
				5FF9CDA82316F48E00878DB3 /* Position.swift in Sources */,
				92A513212315E81C0056F62C /* SuggestionsService.swift in Sources */,
			);
			runOnlyForDeploymentPostprocessing = 0;
		};
		5FF9CD7723158DE200878DB3 /* Sources */ = {
			isa = PBXSourcesBuildPhase;
			buildActionMask = 2147483647;
			files = (
				5FDB0A33231C210400894D35 /* SuggestionsServiceMock.swift in Sources */,
				5FDB0A3B231D3B5F00894D35 /* LocationDetailServiceMock.swift in Sources */,
				5FDB0A39231D3A9000894D35 /* DetailViewModelTests.swift in Sources */,
				5FDB0A31231C207F00894D35 /* SuggestionsViewModelTests.swift in Sources */,
				5FDB0A3D231D3D6B00894D35 /* ImageServiceMock.swift in Sources */,
				5FF9CD8023158DE200878DB3 /* HereMapsSearchTests.swift in Sources */,
				5FDB0A35231C220C00894D35 /* MockDataHelper.swift in Sources */,
			);
			runOnlyForDeploymentPostprocessing = 0;
		};
/* End PBXSourcesBuildPhase section */

/* Begin PBXTargetDependency section */
		5FF9CD7D23158DE200878DB3 /* PBXTargetDependency */ = {
			isa = PBXTargetDependency;
			target = 5FF9CD6323158DE000878DB3 /* HereMapsSearch */;
			targetProxy = 5FF9CD7C23158DE200878DB3 /* PBXContainerItemProxy */;
		};
/* End PBXTargetDependency section */

/* Begin PBXVariantGroup section */
		5FF9CD6B23158DE000878DB3 /* Main.storyboard */ = {
			isa = PBXVariantGroup;
			children = (
				5FF9CD6C23158DE000878DB3 /* Base */,
			);
			name = Main.storyboard;
			sourceTree = "<group>";
		};
		5FF9CD7323158DE200878DB3 /* LaunchScreen.storyboard */ = {
			isa = PBXVariantGroup;
			children = (
				5FF9CD7423158DE200878DB3 /* Base */,
			);
			name = LaunchScreen.storyboard;
			sourceTree = "<group>";
		};
/* End PBXVariantGroup section */

/* Begin XCBuildConfiguration section */
		5FF9CD8223158DE200878DB3 /* Debug */ = {
			isa = XCBuildConfiguration;
			buildSettings = {
				ALWAYS_SEARCH_USER_PATHS = NO;
				CLANG_ANALYZER_NONNULL = YES;
				CLANG_ANALYZER_NUMBER_OBJECT_CONVERSION = YES_AGGRESSIVE;
				CLANG_CXX_LANGUAGE_STANDARD = "gnu++14";
				CLANG_CXX_LIBRARY = "libc++";
				CLANG_ENABLE_MODULES = YES;
				CLANG_ENABLE_OBJC_ARC = YES;
				CLANG_ENABLE_OBJC_WEAK = YES;
				CLANG_WARN_BLOCK_CAPTURE_AUTORELEASING = YES;
				CLANG_WARN_BOOL_CONVERSION = YES;
				CLANG_WARN_COMMA = YES;
				CLANG_WARN_CONSTANT_CONVERSION = YES;
				CLANG_WARN_DEPRECATED_OBJC_IMPLEMENTATIONS = YES;
				CLANG_WARN_DIRECT_OBJC_ISA_USAGE = YES_ERROR;
				CLANG_WARN_DOCUMENTATION_COMMENTS = YES;
				CLANG_WARN_EMPTY_BODY = YES;
				CLANG_WARN_ENUM_CONVERSION = YES;
				CLANG_WARN_INFINITE_RECURSION = YES;
				CLANG_WARN_INT_CONVERSION = YES;
				CLANG_WARN_NON_LITERAL_NULL_CONVERSION = YES;
				CLANG_WARN_OBJC_IMPLICIT_RETAIN_SELF = YES;
				CLANG_WARN_OBJC_LITERAL_CONVERSION = YES;
				CLANG_WARN_OBJC_ROOT_CLASS = YES_ERROR;
				CLANG_WARN_RANGE_LOOP_ANALYSIS = YES;
				CLANG_WARN_STRICT_PROTOTYPES = YES;
				CLANG_WARN_SUSPICIOUS_MOVE = YES;
				CLANG_WARN_UNGUARDED_AVAILABILITY = YES_AGGRESSIVE;
				CLANG_WARN_UNREACHABLE_CODE = YES;
				CLANG_WARN__DUPLICATE_METHOD_MATCH = YES;
				CODE_SIGN_IDENTITY = "iPhone Developer";
				COPY_PHASE_STRIP = NO;
				DEBUG_INFORMATION_FORMAT = dwarf;
				ENABLE_STRICT_OBJC_MSGSEND = YES;
				ENABLE_TESTABILITY = YES;
				GCC_C_LANGUAGE_STANDARD = gnu11;
				GCC_DYNAMIC_NO_PIC = NO;
				GCC_NO_COMMON_BLOCKS = YES;
				GCC_OPTIMIZATION_LEVEL = 0;
				GCC_PREPROCESSOR_DEFINITIONS = (
					"DEBUG=1",
					"$(inherited)",
				);
				GCC_WARN_64_TO_32_BIT_CONVERSION = YES;
				GCC_WARN_ABOUT_RETURN_TYPE = YES_ERROR;
				GCC_WARN_UNDECLARED_SELECTOR = YES;
				GCC_WARN_UNINITIALIZED_AUTOS = YES_AGGRESSIVE;
				GCC_WARN_UNUSED_FUNCTION = YES;
				GCC_WARN_UNUSED_VARIABLE = YES;
				IPHONEOS_DEPLOYMENT_TARGET = 12.2;
				MTL_ENABLE_DEBUG_INFO = INCLUDE_SOURCE;
				MTL_FAST_MATH = YES;
				ONLY_ACTIVE_ARCH = YES;
				SDKROOT = iphoneos;
				SWIFT_ACTIVE_COMPILATION_CONDITIONS = DEBUG;
				SWIFT_OPTIMIZATION_LEVEL = "-Onone";
			};
			name = Debug;
		};
		5FF9CD8323158DE200878DB3 /* Release */ = {
			isa = XCBuildConfiguration;
			buildSettings = {
				ALWAYS_SEARCH_USER_PATHS = NO;
				CLANG_ANALYZER_NONNULL = YES;
				CLANG_ANALYZER_NUMBER_OBJECT_CONVERSION = YES_AGGRESSIVE;
				CLANG_CXX_LANGUAGE_STANDARD = "gnu++14";
				CLANG_CXX_LIBRARY = "libc++";
				CLANG_ENABLE_MODULES = YES;
				CLANG_ENABLE_OBJC_ARC = YES;
				CLANG_ENABLE_OBJC_WEAK = YES;
				CLANG_WARN_BLOCK_CAPTURE_AUTORELEASING = YES;
				CLANG_WARN_BOOL_CONVERSION = YES;
				CLANG_WARN_COMMA = YES;
				CLANG_WARN_CONSTANT_CONVERSION = YES;
				CLANG_WARN_DEPRECATED_OBJC_IMPLEMENTATIONS = YES;
				CLANG_WARN_DIRECT_OBJC_ISA_USAGE = YES_ERROR;
				CLANG_WARN_DOCUMENTATION_COMMENTS = YES;
				CLANG_WARN_EMPTY_BODY = YES;
				CLANG_WARN_ENUM_CONVERSION = YES;
				CLANG_WARN_INFINITE_RECURSION = YES;
				CLANG_WARN_INT_CONVERSION = YES;
				CLANG_WARN_NON_LITERAL_NULL_CONVERSION = YES;
				CLANG_WARN_OBJC_IMPLICIT_RETAIN_SELF = YES;
				CLANG_WARN_OBJC_LITERAL_CONVERSION = YES;
				CLANG_WARN_OBJC_ROOT_CLASS = YES_ERROR;
				CLANG_WARN_RANGE_LOOP_ANALYSIS = YES;
				CLANG_WARN_STRICT_PROTOTYPES = YES;
				CLANG_WARN_SUSPICIOUS_MOVE = YES;
				CLANG_WARN_UNGUARDED_AVAILABILITY = YES_AGGRESSIVE;
				CLANG_WARN_UNREACHABLE_CODE = YES;
				CLANG_WARN__DUPLICATE_METHOD_MATCH = YES;
				CODE_SIGN_IDENTITY = "iPhone Developer";
				COPY_PHASE_STRIP = NO;
				DEBUG_INFORMATION_FORMAT = "dwarf-with-dsym";
				ENABLE_NS_ASSERTIONS = NO;
				ENABLE_STRICT_OBJC_MSGSEND = YES;
				GCC_C_LANGUAGE_STANDARD = gnu11;
				GCC_NO_COMMON_BLOCKS = YES;
				GCC_WARN_64_TO_32_BIT_CONVERSION = YES;
				GCC_WARN_ABOUT_RETURN_TYPE = YES_ERROR;
				GCC_WARN_UNDECLARED_SELECTOR = YES;
				GCC_WARN_UNINITIALIZED_AUTOS = YES_AGGRESSIVE;
				GCC_WARN_UNUSED_FUNCTION = YES;
				GCC_WARN_UNUSED_VARIABLE = YES;
				IPHONEOS_DEPLOYMENT_TARGET = 12.2;
				MTL_ENABLE_DEBUG_INFO = NO;
				MTL_FAST_MATH = YES;
				SDKROOT = iphoneos;
				SWIFT_COMPILATION_MODE = wholemodule;
				SWIFT_OPTIMIZATION_LEVEL = "-O";
				VALIDATE_PRODUCT = YES;
			};
			name = Release;
		};
		5FF9CD8523158DE200878DB3 /* Debug */ = {
			isa = XCBuildConfiguration;
			baseConfigurationReference = 4B8A5F380ECAD324B2428DDD /* Pods-HereMapsSearch.debug.xcconfig */;
			buildSettings = {
				ASSETCATALOG_COMPILER_APPICON_NAME = AppIcon;
				CODE_SIGN_STYLE = Automatic;
				DEVELOPMENT_TEAM = CUQ3DJ6765;
				INFOPLIST_FILE = HereMapsSearch/Info.plist;
				LD_RUNPATH_SEARCH_PATHS = (
					"$(inherited)",
					"@executable_path/Frameworks",
				);
				PRODUCT_BUNDLE_IDENTIFIER = com.bcsg.criticalTechWorks.HereMapsSearch;
				PRODUCT_NAME = "$(TARGET_NAME)";
				SWIFT_VERSION = 5.0;
				TARGETED_DEVICE_FAMILY = "1,2";
			};
			name = Debug;
		};
		5FF9CD8623158DE200878DB3 /* Release */ = {
			isa = XCBuildConfiguration;
			baseConfigurationReference = AA99197EB3FD797F9961BA3B /* Pods-HereMapsSearch.release.xcconfig */;
			buildSettings = {
				ASSETCATALOG_COMPILER_APPICON_NAME = AppIcon;
				CODE_SIGN_STYLE = Automatic;
				DEVELOPMENT_TEAM = CUQ3DJ6765;
				INFOPLIST_FILE = HereMapsSearch/Info.plist;
				LD_RUNPATH_SEARCH_PATHS = (
					"$(inherited)",
					"@executable_path/Frameworks",
				);
				PRODUCT_BUNDLE_IDENTIFIER = com.bcsg.criticalTechWorks.HereMapsSearch;
				PRODUCT_NAME = "$(TARGET_NAME)";
				SWIFT_VERSION = 5.0;
				TARGETED_DEVICE_FAMILY = "1,2";
			};
			name = Release;
		};
		5FF9CD8823158DE200878DB3 /* Debug */ = {
			isa = XCBuildConfiguration;
			baseConfigurationReference = FCEA24AF15C244BC2AF28AD0 /* Pods-HereMapsSearchTests.debug.xcconfig */;
			buildSettings = {
				ALWAYS_EMBED_SWIFT_STANDARD_LIBRARIES = YES;
				BUNDLE_LOADER = "$(TEST_HOST)";
				CODE_SIGN_STYLE = Automatic;
				INFOPLIST_FILE = HereMapsSearchTests/Info.plist;
				LD_RUNPATH_SEARCH_PATHS = (
					"$(inherited)",
					"@executable_path/Frameworks",
					"@loader_path/Frameworks",
				);
				PRODUCT_BUNDLE_IDENTIFIER = com.bcsg.criticalTechWorks.HereMapsSearchTests;
				PRODUCT_NAME = "$(TARGET_NAME)";
				SWIFT_VERSION = 5.0;
				TARGETED_DEVICE_FAMILY = "1,2";
				TEST_HOST = "$(BUILT_PRODUCTS_DIR)/HereMapsSearch.app/HereMapsSearch";
			};
			name = Debug;
		};
		5FF9CD8923158DE200878DB3 /* Release */ = {
			isa = XCBuildConfiguration;
			baseConfigurationReference = C42CDAEA75E3E6AF5A4F9D22 /* Pods-HereMapsSearchTests.release.xcconfig */;
			buildSettings = {
				ALWAYS_EMBED_SWIFT_STANDARD_LIBRARIES = YES;
				BUNDLE_LOADER = "$(TEST_HOST)";
				CODE_SIGN_STYLE = Automatic;
				INFOPLIST_FILE = HereMapsSearchTests/Info.plist;
				LD_RUNPATH_SEARCH_PATHS = (
					"$(inherited)",
					"@executable_path/Frameworks",
					"@loader_path/Frameworks",
				);
				PRODUCT_BUNDLE_IDENTIFIER = com.bcsg.criticalTechWorks.HereMapsSearchTests;
				PRODUCT_NAME = "$(TARGET_NAME)";
				SWIFT_VERSION = 5.0;
				TARGETED_DEVICE_FAMILY = "1,2";
				TEST_HOST = "$(BUILT_PRODUCTS_DIR)/HereMapsSearch.app/HereMapsSearch";
			};
			name = Release;
		};
/* End XCBuildConfiguration section */

/* Begin XCConfigurationList section */
		5FF9CD5F23158DE000878DB3 /* Build configuration list for PBXProject "HereMapsSearch" */ = {
			isa = XCConfigurationList;
			buildConfigurations = (
				5FF9CD8223158DE200878DB3 /* Debug */,
				5FF9CD8323158DE200878DB3 /* Release */,
			);
			defaultConfigurationIsVisible = 0;
			defaultConfigurationName = Release;
		};
		5FF9CD8423158DE200878DB3 /* Build configuration list for PBXNativeTarget "HereMapsSearch" */ = {
			isa = XCConfigurationList;
			buildConfigurations = (
				5FF9CD8523158DE200878DB3 /* Debug */,
				5FF9CD8623158DE200878DB3 /* Release */,
			);
			defaultConfigurationIsVisible = 0;
			defaultConfigurationName = Release;
		};
		5FF9CD8723158DE200878DB3 /* Build configuration list for PBXNativeTarget "HereMapsSearchTests" */ = {
			isa = XCConfigurationList;
			buildConfigurations = (
				5FF9CD8823158DE200878DB3 /* Debug */,
				5FF9CD8923158DE200878DB3 /* Release */,
			);
			defaultConfigurationIsVisible = 0;
			defaultConfigurationName = Release;
		};
/* End XCConfigurationList section */

/* Begin XCVersionGroup section */
		5FF9CD6E23158DE000878DB3 /* HereMapsSearch.xcdatamodeld */ = {
			isa = XCVersionGroup;
			children = (
				5FF9CD6F23158DE000878DB3 /* HereMapsSearch.xcdatamodel */,
			);
			currentVersion = 5FF9CD6F23158DE000878DB3 /* HereMapsSearch.xcdatamodel */;
			path = HereMapsSearch.xcdatamodeld;
			sourceTree = "<group>";
			versionGroupType = wrapper.xcdatamodel;
		};
/* End XCVersionGroup section */
	};
	rootObject = 5FF9CD5C23158DE000878DB3 /* Project object */;
}
